
Microsoft Visual Studio Solution File, Format Version 12.00
# Visual Studio 15
VisualStudioVersion = 15.0.26730.12
MinimumVisualStudioVersion = 10.0.40219.1
Project("{FAE04EC0-301F-11D3-BF4B-00C04F79EFBC}") = "ChallengePostageCalculator", "ChallengePostageCalculator\ChallengePostageCalculator.csproj", "{38BAF602-2EC9-4084-B14C-8CB7E481164C}"
EndProject
Global
	GlobalSection(SolutionConfigurationPlatforms) = preSolution
		Debug|Any CPU = Debug|Any CPU
		Release|Any CPU = Release|Any CPU
	EndGlobalSection
	GlobalSection(ProjectConfigurationPlatforms) = postSolution
		{38BAF602-2EC9-4084-B14C-8CB7E481164C}.Debug|Any CPU.ActiveCfg = Debug|Any CPU
		{38BAF602-2EC9-4084-B14C-8CB7E481164C}.Debug|Any CPU.Build.0 = Debug|Any CPU
		{38BAF602-2EC9-4084-B14C-8CB7E481164C}.Release|Any CPU.ActiveCfg = Release|Any CPU
		{38BAF602-2EC9-4084-B14C-8CB7E481164C}.Release|Any CPU.Build.0 = Release|Any CPU
	EndGlobalSection
	GlobalSection(SolutionProperties) = preSolution
		HideSolutionNode = FALSE
	EndGlobalSection
	GlobalSection(ExtensibilityGlobals) = postSolution
		SolutionGuid = {17D03B53-0DA4-4736-BFEF-76473FB2312F}
	EndGlobalSection
EndGlobal
